
Microsoft Visual Studio Solution File, Format Version 12.00
# Visual Studio Version 17
VisualStudioVersion = 17.9.34723.18
MinimumVisualStudioVersion = 10.0.40219.1
Project("{9A19103F-16F7-4668-BE54-9A1E7A4F7556}") = "주거(司空)수집서버", "주거(司空)수집서버\주거(司空)수집서버.csproj", "{FB78C6D7-D081-4E05-8092-8832738DC517}"
EndProject
Project("{9A19103F-16F7-4668-BE54-9A1E7A4F7556}") = "국토교통부 공공데이터Common", "국토교통부 공공데이터Common\국토교통부 공공데이터Common.csproj", "{F3EFAF01-6A27-448F-8039-5787B7E4FB3C}"
EndProject
Project("{9A19103F-16F7-4668-BE54-9A1E7A4F7556}") = "Test", "Test\Test.csproj", "{90B0B372-88D8-462C-AAF4-C1C2C1F4BA7B}"
EndProject
Project("{9A19103F-16F7-4668-BE54-9A1E7A4F7556}") = "Common", "..\CommonManagement\Common\Common.csproj", "{3F820C2E-8C22-433F-9586-5CB2F63CACBC}"
EndProject
Project("{9A19103F-16F7-4668-BE54-9A1E7A4F7556}") = "창고Common", "..\WarehouseManagement\WarehouseCommon\창고Common.csproj", "{ECE69557-6CBC-4230-8BF5-F3B82823DB8C}"
EndProject
Global
	GlobalSection(SolutionConfigurationPlatforms) = preSolution
		Debug|Any CPU = Debug|Any CPU
		Release|Any CPU = Release|Any CPU
	EndGlobalSection
	GlobalSection(ProjectConfigurationPlatforms) = postSolution
		{FB78C6D7-D081-4E05-8092-8832738DC517}.Debug|Any CPU.ActiveCfg = Debug|Any CPU
		{FB78C6D7-D081-4E05-8092-8832738DC517}.Debug|Any CPU.Build.0 = Debug|Any CPU
		{FB78C6D7-D081-4E05-8092-8832738DC517}.Release|Any CPU.ActiveCfg = Release|Any CPU
		{FB78C6D7-D081-4E05-8092-8832738DC517}.Release|Any CPU.Build.0 = Release|Any CPU
		{F3EFAF01-6A27-448F-8039-5787B7E4FB3C}.Debug|Any CPU.ActiveCfg = Debug|Any CPU
		{F3EFAF01-6A27-448F-8039-5787B7E4FB3C}.Debug|Any CPU.Build.0 = Debug|Any CPU
		{F3EFAF01-6A27-448F-8039-5787B7E4FB3C}.Release|Any CPU.ActiveCfg = Release|Any CPU
		{F3EFAF01-6A27-448F-8039-5787B7E4FB3C}.Release|Any CPU.Build.0 = Release|Any CPU
		{90B0B372-88D8-462C-AAF4-C1C2C1F4BA7B}.Debug|Any CPU.ActiveCfg = Debug|Any CPU
		{90B0B372-88D8-462C-AAF4-C1C2C1F4BA7B}.Debug|Any CPU.Build.0 = Debug|Any CPU
		{90B0B372-88D8-462C-AAF4-C1C2C1F4BA7B}.Release|Any CPU.ActiveCfg = Release|Any CPU
		{90B0B372-88D8-462C-AAF4-C1C2C1F4BA7B}.Release|Any CPU.Build.0 = Release|Any CPU
		{3F820C2E-8C22-433F-9586-5CB2F63CACBC}.Debug|Any CPU.ActiveCfg = Debug|Any CPU
		{3F820C2E-8C22-433F-9586-5CB2F63CACBC}.Debug|Any CPU.Build.0 = Debug|Any CPU
		{3F820C2E-8C22-433F-9586-5CB2F63CACBC}.Release|Any CPU.ActiveCfg = Release|Any CPU
		{3F820C2E-8C22-433F-9586-5CB2F63CACBC}.Release|Any CPU.Build.0 = Release|Any CPU
		{ECE69557-6CBC-4230-8BF5-F3B82823DB8C}.Debug|Any CPU.ActiveCfg = Debug|Any CPU
		{ECE69557-6CBC-4230-8BF5-F3B82823DB8C}.Debug|Any CPU.Build.0 = Debug|Any CPU
		{ECE69557-6CBC-4230-8BF5-F3B82823DB8C}.Release|Any CPU.ActiveCfg = Release|Any CPU
		{ECE69557-6CBC-4230-8BF5-F3B82823DB8C}.Release|Any CPU.Build.0 = Release|Any CPU
	EndGlobalSection
	GlobalSection(SolutionProperties) = preSolution
		HideSolutionNode = FALSE
	EndGlobalSection
	GlobalSection(ExtensibilityGlobals) = postSolution
		SolutionGuid = {7F2C4C8D-DD5D-4592-A1C6-933C38648264}
	EndGlobalSection
EndGlobal
